// !$*UTF8*$!
{
	archiveVersion = 1;
	classes = {
	};
	objectVersion = 55;
	objects = {

/* Begin PBXBuildFile section */
		A5E9212F280C0918009389BD /* AppDelegate.swift in Sources */ = {isa = PBXBuildFile; fileRef = A5E9212E280C0918009389BD /* AppDelegate.swift */; };
		A5E92131280C0918009389BD /* SceneDelegate.swift in Sources */ = {isa = PBXBuildFile; fileRef = A5E92130280C0918009389BD /* SceneDelegate.swift */; };
		A5E92133280C0918009389BD /* ViewController.swift in Sources */ = {isa = PBXBuildFile; fileRef = A5E92132280C0918009389BD /* ViewController.swift */; };
		A5E92136280C0918009389BD /* Main.storyboard in Resources */ = {isa = PBXBuildFile; fileRef = A5E92134280C0918009389BD /* Main.storyboard */; };
		A5E92138280C0919009389BD /* Assets.xcassets in Resources */ = {isa = PBXBuildFile; fileRef = A5E92137280C0919009389BD /* Assets.xcassets */; };
		A5E9213B280C0919009389BD /* LaunchScreen.storyboard in Resources */ = {isa = PBXBuildFile; fileRef = A5E92139280C0919009389BD /* LaunchScreen.storyboard */; };
		A5E92143280C092C009389BD /* ApiKey.plist in Resources */ = {isa = PBXBuildFile; fileRef = A5E92142280C092C009389BD /* ApiKey.plist */; };
		A5E92147280C0F94009389BD /* NetworkManager.swift in Sources */ = {isa = PBXBuildFile; fileRef = A5E92146280C0F94009389BD /* NetworkManager.swift */; };
		A5E92149280C0FA1009389BD /* DataLoader.swift in Sources */ = {isa = PBXBuildFile; fileRef = A5E92148280C0FA1009389BD /* DataLoader.swift */; };
		A5E9214B280C0FAD009389BD /* Endpoints.swift in Sources */ = {isa = PBXBuildFile; fileRef = A5E9214A280C0FAD009389BD /* Endpoints.swift */; };
		A5E9214E280C1264009389BD /* UnsplashImageInfo.swift in Sources */ = {isa = PBXBuildFile; fileRef = A5E9214D280C1264009389BD /* UnsplashImageInfo.swift */; };
		A5E92150280C71A0009389BD /* ImageManager.swift in Sources */ = {isa = PBXBuildFile; fileRef = A5E9214F280C71A0009389BD /* ImageManager.swift */; };
		A5E92152280C771F009389BD /* ImageEntry.swift in Sources */ = {isa = PBXBuildFile; fileRef = A5E92151280C771F009389BD /* ImageEntry.swift */; };
/* End PBXBuildFile section */

/* Begin PBXFileReference section */
		A5E9212B280C0918009389BD /* PhotoCollection.app */ = {isa = PBXFileReference; explicitFileType = wrapper.application; includeInIndex = 0; path = PhotoCollection.app; sourceTree = BUILT_PRODUCTS_DIR; };
		A5E9212E280C0918009389BD /* AppDelegate.swift */ = {isa = PBXFileReference; lastKnownFileType = sourcecode.swift; path = AppDelegate.swift; sourceTree = "<group>"; };
		A5E92130280C0918009389BD /* SceneDelegate.swift */ = {isa = PBXFileReference; lastKnownFileType = sourcecode.swift; path = SceneDelegate.swift; sourceTree = "<group>"; };
		A5E92132280C0918009389BD /* ViewController.swift */ = {isa = PBXFileReference; lastKnownFileType = sourcecode.swift; path = ViewController.swift; sourceTree = "<group>"; };
		A5E92135280C0918009389BD /* Base */ = {isa = PBXFileReference; lastKnownFileType = file.storyboard; name = Base; path = Base.lproj/Main.storyboard; sourceTree = "<group>"; };
		A5E92137280C0919009389BD /* Assets.xcassets */ = {isa = PBXFileReference; lastKnownFileType = folder.assetcatalog; path = Assets.xcassets; sourceTree = "<group>"; };
		A5E9213A280C0919009389BD /* Base */ = {isa = PBXFileReference; lastKnownFileType = file.storyboard; name = Base; path = Base.lproj/LaunchScreen.storyboard; sourceTree = "<group>"; };
		A5E9213C280C0919009389BD /* Info.plist */ = {isa = PBXFileReference; lastKnownFileType = text.plist.xml; path = Info.plist; sourceTree = "<group>"; };
		A5E92142280C092C009389BD /* ApiKey.plist */ = {isa = PBXFileReference; lastKnownFileType = text.plist.xml; path = ApiKey.plist; sourceTree = "<group>"; };
		A5E92146280C0F94009389BD /* NetworkManager.swift */ = {isa = PBXFileReference; lastKnownFileType = sourcecode.swift; path = NetworkManager.swift; sourceTree = "<group>"; };
		A5E92148280C0FA1009389BD /* DataLoader.swift */ = {isa = PBXFileReference; lastKnownFileType = sourcecode.swift; path = DataLoader.swift; sourceTree = "<group>"; };
		A5E9214A280C0FAD009389BD /* Endpoints.swift */ = {isa = PBXFileReference; lastKnownFileType = sourcecode.swift; path = Endpoints.swift; sourceTree = "<group>"; };
		A5E9214D280C1264009389BD /* UnsplashImageInfo.swift */ = {isa = PBXFileReference; lastKnownFileType = sourcecode.swift; path = UnsplashImageInfo.swift; sourceTree = "<group>"; };
		A5E9214F280C71A0009389BD /* ImageManager.swift */ = {isa = PBXFileReference; lastKnownFileType = sourcecode.swift; path = ImageManager.swift; sourceTree = "<group>"; };
		A5E92151280C771F009389BD /* ImageEntry.swift */ = {isa = PBXFileReference; lastKnownFileType = sourcecode.swift; path = ImageEntry.swift; sourceTree = "<group>"; };
/* End PBXFileReference section */

/* Begin PBXFrameworksBuildPhase section */
		A5E92128280C0918009389BD /* Frameworks */ = {
			isa = PBXFrameworksBuildPhase;
			buildActionMask = 2147483647;
			files = (
			);
			runOnlyForDeploymentPostprocessing = 0;
		};
/* End PBXFrameworksBuildPhase section */

/* Begin PBXGroup section */
		A5E92122280C0918009389BD = {
			isa = PBXGroup;
			children = (
				A5E9212D280C0918009389BD /* PhotoCollection */,
				A5E9212C280C0918009389BD /* Products */,
			);
			sourceTree = "<group>";
		};
		A5E9212C280C0918009389BD /* Products */ = {
			isa = PBXGroup;
			children = (
				A5E9212B280C0918009389BD /* PhotoCollection.app */,
			);
			name = Products;
			sourceTree = "<group>";
		};
		A5E9212D280C0918009389BD /* PhotoCollection */ = {
			isa = PBXGroup;
			children = (
				A5E9212E280C0918009389BD /* AppDelegate.swift */,
				A5E92130280C0918009389BD /* SceneDelegate.swift */,
				A5E92142280C092C009389BD /* ApiKey.plist */,
				A5E92132280C0918009389BD /* ViewController.swift */,
				A5E9214C280C1207009389BD /* Model */,
				A5E92144280C0F64009389BD /* Managers */,
				A5E92134280C0918009389BD /* Main.storyboard */,
				A5E92137280C0919009389BD /* Assets.xcassets */,
				A5E92139280C0919009389BD /* LaunchScreen.storyboard */,
				A5E9213C280C0919009389BD /* Info.plist */,
			);
			path = PhotoCollection;
			sourceTree = "<group>";
		};
		A5E92144280C0F64009389BD /* Managers */ = {
			isa = PBXGroup;
			children = (
				A5E92145280C0F69009389BD /* Networking */,
				A5E9214F280C71A0009389BD /* ImageManager.swift */,
			);
			path = Managers;
			sourceTree = "<group>";
		};
		A5E92145280C0F69009389BD /* Networking */ = {
			isa = PBXGroup;
			children = (
				A5E92146280C0F94009389BD /* NetworkManager.swift */,
				A5E92148280C0FA1009389BD /* DataLoader.swift */,
				A5E9214A280C0FAD009389BD /* Endpoints.swift */,
			);
			path = Networking;
			sourceTree = "<group>";
		};
		A5E9214C280C1207009389BD /* Model */ = {
			isa = PBXGroup;
			children = (
				A5E9214D280C1264009389BD /* UnsplashImageInfo.swift */,
				A5E92151280C771F009389BD /* ImageEntry.swift */,
			);
			path = Model;
			sourceTree = "<group>";
		};
/* End PBXGroup section */

/* Begin PBXNativeTarget section */
		A5E9212A280C0918009389BD /* PhotoCollection */ = {
			isa = PBXNativeTarget;
			buildConfigurationList = A5E9213F280C0919009389BD /* Build configuration list for PBXNativeTarget "PhotoCollection" */;
			buildPhases = (
				A5E92127280C0918009389BD /* Sources */,
				A5E92128280C0918009389BD /* Frameworks */,
				A5E92129280C0918009389BD /* Resources */,
			);
			buildRules = (
			);
			dependencies = (
			);
			name = PhotoCollection;
			productName = PhotoCollection;
			productReference = A5E9212B280C0918009389BD /* PhotoCollection.app */;
			productType = "com.apple.product-type.application";
		};
/* End PBXNativeTarget section */

/* Begin PBXProject section */
		A5E92123280C0918009389BD /* Project object */ = {
			isa = PBXProject;
			attributes = {
				BuildIndependentTargetsInParallel = 1;
				LastSwiftUpdateCheck = 1320;
				LastUpgradeCheck = 1320;
				TargetAttributes = {
					A5E9212A280C0918009389BD = {
						CreatedOnToolsVersion = 13.2.1;
					};
				};
			};
			buildConfigurationList = A5E92126280C0918009389BD /* Build configuration list for PBXProject "PhotoCollection" */;
			compatibilityVersion = "Xcode 13.0";
			developmentRegion = en;
			hasScannedForEncodings = 0;
			knownRegions = (
				en,
				Base,
			);
			mainGroup = A5E92122280C0918009389BD;
			productRefGroup = A5E9212C280C0918009389BD /* Products */;
			projectDirPath = "";
			projectRoot = "";
			targets = (
				A5E9212A280C0918009389BD /* PhotoCollection */,
			);
		};
/* End PBXProject section */

/* Begin PBXResourcesBuildPhase section */
		A5E92129280C0918009389BD /* Resources */ = {
			isa = PBXResourcesBuildPhase;
			buildActionMask = 2147483647;
			files = (
				A5E9213B280C0919009389BD /* LaunchScreen.storyboard in Resources */,
				A5E92143280C092C009389BD /* ApiKey.plist in Resources */,
				A5E92138280C0919009389BD /* Assets.xcassets in Resources */,
				A5E92136280C0918009389BD /* Main.storyboard in Resources */,
			);
			runOnlyForDeploymentPostprocessing = 0;
		};
/* End PBXResourcesBuildPhase section */

/* Begin PBXSourcesBuildPhase section */
		A5E92127280C0918009389BD /* Sources */ = {
			isa = PBXSourcesBuildPhase;
			buildActionMask = 2147483647;
			files = (
				A5E92149280C0FA1009389BD /* DataLoader.swift in Sources */,
				A5E92147280C0F94009389BD /* NetworkManager.swift in Sources */,
				A5E92133280C0918009389BD /* ViewController.swift in Sources */,
				A5E92150280C71A0009389BD /* ImageManager.swift in Sources */,
				A5E92152280C771F009389BD /* ImageEntry.swift in Sources */,
				A5E9212F280C0918009389BD /* AppDelegate.swift in Sources */,
				A5E9214E280C1264009389BD /* UnsplashImageInfo.swift in Sources */,
				A5E9214B280C0FAD009389BD /* Endpoints.swift in Sources */,
				A5E92131280C0918009389BD /* SceneDelegate.swift in Sources */,
			);
			runOnlyForDeploymentPostprocessing = 0;
		};
/* End PBXSourcesBuildPhase section */

/* Begin PBXVariantGroup section */
		A5E92134280C0918009389BD /* Main.storyboard */ = {
			isa = PBXVariantGroup;
			children = (
				A5E92135280C0918009389BD /* Base */,
			);
			name = Main.storyboard;
			sourceTree = "<group>";
		};
		A5E92139280C0919009389BD /* LaunchScreen.storyboard */ = {
			isa = PBXVariantGroup;
			children = (
				A5E9213A280C0919009389BD /* Base */,
			);
			name = LaunchScreen.storyboard;
			sourceTree = "<group>";
		};
/* End PBXVariantGroup section */

/* Begin XCBuildConfiguration section */
		A5E9213D280C0919009389BD /* Debug */ = {
			isa = XCBuildConfiguration;
			buildSettings = {
				ALWAYS_SEARCH_USER_PATHS = NO;
				CLANG_ANALYZER_NONNULL = YES;
				CLANG_ANALYZER_NUMBER_OBJECT_CONVERSION = YES_AGGRESSIVE;
				CLANG_CXX_LANGUAGE_STANDARD = "gnu++17";
				CLANG_CXX_LIBRARY = "libc++";
				CLANG_ENABLE_MODULES = YES;
				CLANG_ENABLE_OBJC_ARC = YES;
				CLANG_ENABLE_OBJC_WEAK = YES;
				CLANG_WARN_BLOCK_CAPTURE_AUTORELEASING = YES;
				CLANG_WARN_BOOL_CONVERSION = YES;
				CLANG_WARN_COMMA = YES;
				CLANG_WARN_CONSTANT_CONVERSION = YES;
				CLANG_WARN_DEPRECATED_OBJC_IMPLEMENTATIONS = YES;
				CLANG_WARN_DIRECT_OBJC_ISA_USAGE = YES_ERROR;
				CLANG_WARN_DOCUMENTATION_COMMENTS = YES;
				CLANG_WARN_EMPTY_BODY = YES;
				CLANG_WARN_ENUM_CONVERSION = YES;
				CLANG_WARN_INFINITE_RECURSION = YES;
				CLANG_WARN_INT_CONVERSION = YES;
				CLANG_WARN_NON_LITERAL_NULL_CONVERSION = YES;
				CLANG_WARN_OBJC_IMPLICIT_RETAIN_SELF = YES;
				CLANG_WARN_OBJC_LITERAL_CONVERSION = YES;
				CLANG_WARN_OBJC_ROOT_CLASS = YES_ERROR;
				CLANG_WARN_QUOTED_INCLUDE_IN_FRAMEWORK_HEADER = YES;
				CLANG_WARN_RANGE_LOOP_ANALYSIS = YES;
				CLANG_WARN_STRICT_PROTOTYPES = YES;
				CLANG_WARN_SUSPICIOUS_MOVE = YES;
				CLANG_WARN_UNGUARDED_AVAILABILITY = YES_AGGRESSIVE;
				CLANG_WARN_UNREACHABLE_CODE = YES;
				CLANG_WARN__DUPLICATE_METHOD_MATCH = YES;
				COPY_PHASE_STRIP = NO;
				DEBUG_INFORMATION_FORMAT = dwarf;
				ENABLE_STRICT_OBJC_MSGSEND = YES;
				ENABLE_TESTABILITY = YES;
				GCC_C_LANGUAGE_STANDARD = gnu11;
				GCC_DYNAMIC_NO_PIC = NO;
				GCC_NO_COMMON_BLOCKS = YES;
				GCC_OPTIMIZATION_LEVEL = 0;
				GCC_PREPROCESSOR_DEFINITIONS = (
					"DEBUG=1",
					"$(inherited)",
				);
				GCC_WARN_64_TO_32_BIT_CONVERSION = YES;
				GCC_WARN_ABOUT_RETURN_TYPE = YES_ERROR;
				GCC_WARN_UNDECLARED_SELECTOR = YES;
				GCC_WARN_UNINITIALIZED_AUTOS = YES_AGGRESSIVE;
				GCC_WARN_UNUSED_FUNCTION = YES;
				GCC_WARN_UNUSED_VARIABLE = YES;
				IPHONEOS_DEPLOYMENT_TARGET = 15.2;
				MTL_ENABLE_DEBUG_INFO = INCLUDE_SOURCE;
				MTL_FAST_MATH = YES;
				ONLY_ACTIVE_ARCH = YES;
				SDKROOT = iphoneos;
				SWIFT_ACTIVE_COMPILATION_CONDITIONS = DEBUG;
				SWIFT_OPTIMIZATION_LEVEL = "-Onone";
			};
			name = Debug;
		};
		A5E9213E280C0919009389BD /* Release */ = {
			isa = XCBuildConfiguration;
			buildSettings = {
				ALWAYS_SEARCH_USER_PATHS = NO;
				CLANG_ANALYZER_NONNULL = YES;
				CLANG_ANALYZER_NUMBER_OBJECT_CONVERSION = YES_AGGRESSIVE;
				CLANG_CXX_LANGUAGE_STANDARD = "gnu++17";
				CLANG_CXX_LIBRARY = "libc++";
				CLANG_ENABLE_MODULES = YES;
				CLANG_ENABLE_OBJC_ARC = YES;
				CLANG_ENABLE_OBJC_WEAK = YES;
				CLANG_WARN_BLOCK_CAPTURE_AUTORELEASING = YES;
				CLANG_WARN_BOOL_CONVERSION = YES;
				CLANG_WARN_COMMA = YES;
				CLANG_WARN_CONSTANT_CONVERSION = YES;
				CLANG_WARN_DEPRECATED_OBJC_IMPLEMENTATIONS = YES;
				CLANG_WARN_DIRECT_OBJC_ISA_USAGE = YES_ERROR;
				CLANG_WARN_DOCUMENTATION_COMMENTS = YES;
				CLANG_WARN_EMPTY_BODY = YES;
				CLANG_WARN_ENUM_CONVERSION = YES;
				CLANG_WARN_INFINITE_RECURSION = YES;
				CLANG_WARN_INT_CONVERSION = YES;
				CLANG_WARN_NON_LITERAL_NULL_CONVERSION = YES;
				CLANG_WARN_OBJC_IMPLICIT_RETAIN_SELF = YES;
				CLANG_WARN_OBJC_LITERAL_CONVERSION = YES;
				CLANG_WARN_OBJC_ROOT_CLASS = YES_ERROR;
				CLANG_WARN_QUOTED_INCLUDE_IN_FRAMEWORK_HEADER = YES;
				CLANG_WARN_RANGE_LOOP_ANALYSIS = YES;
				CLANG_WARN_STRICT_PROTOTYPES = YES;
				CLANG_WARN_SUSPICIOUS_MOVE = YES;
				CLANG_WARN_UNGUARDED_AVAILABILITY = YES_AGGRESSIVE;
				CLANG_WARN_UNREACHABLE_CODE = YES;
				CLANG_WARN__DUPLICATE_METHOD_MATCH = YES;
				COPY_PHASE_STRIP = NO;
				DEBUG_INFORMATION_FORMAT = "dwarf-with-dsym";
				ENABLE_NS_ASSERTIONS = NO;
				ENABLE_STRICT_OBJC_MSGSEND = YES;
				GCC_C_LANGUAGE_STANDARD = gnu11;
				GCC_NO_COMMON_BLOCKS = YES;
				GCC_WARN_64_TO_32_BIT_CONVERSION = YES;
				GCC_WARN_ABOUT_RETURN_TYPE = YES_ERROR;
				GCC_WARN_UNDECLARED_SELECTOR = YES;
				GCC_WARN_UNINITIALIZED_AUTOS = YES_AGGRESSIVE;
				GCC_WARN_UNUSED_FUNCTION = YES;
				GCC_WARN_UNUSED_VARIABLE = YES;
				IPHONEOS_DEPLOYMENT_TARGET = 15.2;
				MTL_ENABLE_DEBUG_INFO = NO;
				MTL_FAST_MATH = YES;
				SDKROOT = iphoneos;
				SWIFT_COMPILATION_MODE = wholemodule;
				SWIFT_OPTIMIZATION_LEVEL = "-O";
				VALIDATE_PRODUCT = YES;
			};
			name = Release;
		};
		A5E92140280C0919009389BD /* Debug */ = {
			isa = XCBuildConfiguration;
			buildSettings = {
				ASSETCATALOG_COMPILER_APPICON_NAME = AppIcon;
				ASSETCATALOG_COMPILER_GLOBAL_ACCENT_COLOR_NAME = AccentColor;
				CODE_SIGN_STYLE = Automatic;
				CURRENT_PROJECT_VERSION = 1;
				DEVELOPMENT_TEAM = HUYT8H6334;
				GENERATE_INFOPLIST_FILE = YES;
				INFOPLIST_FILE = PhotoCollection/Info.plist;
				INFOPLIST_KEY_UIApplicationSupportsIndirectInputEvents = YES;
				INFOPLIST_KEY_UILaunchStoryboardName = LaunchScreen;
				INFOPLIST_KEY_UIMainStoryboardFile = Main;
				INFOPLIST_KEY_UISupportedInterfaceOrientations_iPad = "UIInterfaceOrientationPortrait UIInterfaceOrientationPortraitUpsideDown UIInterfaceOrientationLandscapeLeft UIInterfaceOrientationLandscapeRight";
				INFOPLIST_KEY_UISupportedInterfaceOrientations_iPhone = "UIInterfaceOrientationPortrait UIInterfaceOrientationLandscapeLeft UIInterfaceOrientationLandscapeRight";
				LD_RUNPATH_SEARCH_PATHS = (
					"$(inherited)",
					"@executable_path/Frameworks",
				);
				MARKETING_VERSION = 1.0;
				PRODUCT_BUNDLE_IDENTIFIER = alexChekushkin.PhotoCollection;
				PRODUCT_NAME = "$(TARGET_NAME)";
				SWIFT_EMIT_LOC_STRINGS = YES;
				SWIFT_VERSION = 5.0;
				TARGETED_DEVICE_FAMILY = "1,2";
			};
			name = Debug;
		};
		A5E92141280C0919009389BD /* Release */ = {
			isa = XCBuildConfiguration;
			buildSettings = {
				ASSETCATALOG_COMPILER_APPICON_NAME = AppIcon;
				ASSETCATALOG_COMPILER_GLOBAL_ACCENT_COLOR_NAME = AccentColor;
				CODE_SIGN_STYLE = Automatic;
				CURRENT_PROJECT_VERSION = 1;
				DEVELOPMENT_TEAM = HUYT8H6334;
				GENERATE_INFOPLIST_FILE = YES;
				INFOPLIST_FILE = PhotoCollection/Info.plist;
				INFOPLIST_KEY_UIApplicationSupportsIndirectInputEvents = YES;
				INFOPLIST_KEY_UILaunchStoryboardName = LaunchScreen;
				INFOPLIST_KEY_UIMainStoryboardFile = Main;
				INFOPLIST_KEY_UISupportedInterfaceOrientations_iPad = "UIInterfaceOrientationPortrait UIInterfaceOrientationPortraitUpsideDown UIInterfaceOrientationLandscapeLeft UIInterfaceOrientationLandscapeRight";
				INFOPLIST_KEY_UISupportedInterfaceOrientations_iPhone = "UIInterfaceOrientationPortrait UIInterfaceOrientationLandscapeLeft UIInterfaceOrientationLandscapeRight";
				LD_RUNPATH_SEARCH_PATHS = (
					"$(inherited)",
					"@executable_path/Frameworks",
				);
				MARKETING_VERSION = 1.0;
				PRODUCT_BUNDLE_IDENTIFIER = alexChekushkin.PhotoCollection;
				PRODUCT_NAME = "$(TARGET_NAME)";
				SWIFT_EMIT_LOC_STRINGS = YES;
				SWIFT_VERSION = 5.0;
				TARGETED_DEVICE_FAMILY = "1,2";
			};
			name = Release;
		};
/* End XCBuildConfiguration section */

/* Begin XCConfigurationList section */
		A5E92126280C0918009389BD /* Build configuration list for PBXProject "PhotoCollection" */ = {
			isa = XCConfigurationList;
			buildConfigurations = (
				A5E9213D280C0919009389BD /* Debug */,
				A5E9213E280C0919009389BD /* Release */,
			);
			defaultConfigurationIsVisible = 0;
			defaultConfigurationName = Release;
		};
		A5E9213F280C0919009389BD /* Build configuration list for PBXNativeTarget "PhotoCollection" */ = {
			isa = XCConfigurationList;
			buildConfigurations = (
				A5E92140280C0919009389BD /* Debug */,
				A5E92141280C0919009389BD /* Release */,
			);
			defaultConfigurationIsVisible = 0;
			defaultConfigurationName = Release;
		};
/* End XCConfigurationList section */
	};
	rootObject = A5E92123280C0918009389BD /* Project object */;
}
